# @generated - this file is auto-generated by `mise lock` https://mise.jdx.dev/dev-tools/mise-lock.html

[[tools.uv]]
version = "0.11.28"
backend = "aqua:astral-sh/uv"

[tools.uv."platforms.linux-arm64"]
checksum = "sha256:da10cdfa7d92212b7acb62021a0fd61bcf8580c58c3632ec915d10c3a1a7906b"
url = "https://github.com/astral-sh/uv/releases/download/0.11.28/uv-aarch64-unknown-linux-musl.tar.gz"
url_api = "https://api.github.com/repos/astral-sh/uv/releases/assets/469655715"
provenance = "github-attestations"

[tools.uv."platforms.linux-arm64-musl"]
checksum = "sha256:da10cdfa7d92212b7acb62021a0fd61bcf8580c58c3632ec915d10c3a1a7906b"
url = "https://github.com/astral-sh/uv/releases/download/0.11.28/uv-aarch64-unknown-linux-musl.tar.gz"
url_api = "https://api.github.com/repos/astral-sh/uv/releases/assets/469655715"
provenance = "github-attestations"

[tools.uv."platforms.linux-x64"]
checksum = "sha256:f02146b371c35c287d860f003ece7345c86e358a3fd70a9b63700cd141ee7fb4"
url = "https://github.com/astral-sh/uv/releases/download/0.11.28/uv-x86_64-unknown-linux-musl.tar.gz"
url_api = "https://api.github.com/repos/astral-sh/uv/releases/assets/469655835"
provenance = "github-attestations"

[tools.uv."platforms.linux-x64-musl"]
checksum = "sha256:f02146b371c35c287d860f003ece7345c86e358a3fd70a9b63700cd141ee7fb4"
url = "https://github.com/astral-sh/uv/releases/download/0.11.28/uv-x86_64-unknown-linux-musl.tar.gz"
url_api = "https://api.github.com/repos/astral-sh/uv/releases/assets/469655835"
provenance = "github-attestations"

[tools.uv."platforms.macos-arm64"]
checksum = "sha256:33540eb7c883ab857eff79bd5ac2aa31fe27b595abecb4a9c003a2c998447232"
url = "https://github.com/astral-sh/uv/releases/download/0.11.28/uv-aarch64-apple-darwin.tar.gz"
url_api = "https://api.github.com/repos/astral-sh/uv/releases/assets/469655699"
provenance = "github-attestations"

[tools.uv."platforms.macos-x64"]
checksum = "sha256:2ad79983127ffca7d77b77ce6a24278d7e4f7b817a1acf72fea5f8124b4aac5e"
url = "https://github.com/astral-sh/uv/releases/download/0.11.28/uv-x86_64-apple-darwin.tar.gz"
url_api = "https://api.github.com/repos/astral-sh/uv/releases/assets/469655811"
provenance = "github-attestations"

[tools.uv."platforms.windows-x64"]
checksum = "sha256:0a23463216d09c6a72ff80ef5dc5a795f07dc1575cb84d24596c2f124a441b7b"
url = "https://github.com/astral-sh/uv/releases/download/0.11.28/uv-x86_64-pc-windows-msvc.zip"
url_api = "https://api.github.com/repos/astral-sh/uv/releases/assets/469655815"
provenance = "github-attestations"
