# This file is automatically @generated by Poetry 2.1.2 and should not be changed by hand.

[[package]]
name = "asn1"
version = "3.0.1"
description = "Python-ASN1 is a simple ASN.1 encoder and decoder for Python 2.7+ and 3.5+."
optional = false
python-versions = "*"
groups = ["main"]
files = [
    {file = "asn1-3.0.1-py2.py3-none-any.whl", hash = "sha256:733a460de22904640ddecf8a95f2f4005adf3623a1c51e48428a7aa2bd493cd0"},
    {file = "asn1-3.0.1.tar.gz", hash = "sha256:ff96b971ddc276a479c66efd67a91d3d83e4a45425f1f657833ed399eab7fc45"},
]

[package.dependencies]
enum-compat = "*"

[[package]]
name = "cffi"
version = "1.17.1"
description = "Foreign Function Interface for Python calling C code."
optional = false
python-versions = ">=3.8"
groups = ["main"]
markers = "platform_python_implementation != \"PyPy\""
files = [
    {file = "cffi-1.17.1-cp310-cp310-macosx_10_9_x86_64.whl", hash = "sha256:df8b1c11f177bc2313ec4b2d46baec87a5f3e71fc8b45dab2ee7cae86d9aba14"},
    {file = "cffi-1.17.1-cp310-cp310-macosx_11_0_arm64.whl", hash = "sha256:8f2cdc858323644ab277e9bb925ad72ae0e67f69e804f4898c070998d50b1a67"},
    {file = "cffi-1.17.1-cp310-cp310-manylinux_2_12_i686.manylinux2010_i686.manylinux_2_17_i686.manylinux2014_i686.whl", hash = "sha256:edae79245293e15384b51f88b00613ba9f7198016a5948b5dddf4917d4d26382"},
    {file = "cffi-1.17.1-cp310-cp310-manylinux_2_17_aarch64.manylinux2014_aarch64.whl", hash = "sha256:45398b671ac6d70e67da8e4224a065cec6a93541bb7aebe1b198a61b58c7b702"},
    {file = "cffi-1.17.1-cp310-cp310-manylinux_2_17_ppc64le.manylinux2014_ppc64le.whl", hash = "sha256:ad9413ccdeda48c5afdae7e4fa2192157e991ff761e7ab8fdd8926f40b160cc3"},
    {file = "cffi-1.17.1-cp310-cp310-manylinux_2_17_s390x.manylinux2014_s390x.whl", hash = "sha256:5da5719280082ac6bd9aa7becb3938dc9f9cbd57fac7d2871717b1feb0902ab6"},
    {file = "cffi-1.17.1-cp310-cp310-manylinux_2_17_x86_64.manylinux2014_x86_64.whl", hash = "sha256:2bb1a08b8008b281856e5971307cc386a8e9c5b625ac297e853d36da6efe9c17"},
    {file = "cffi-1.17.1-cp310-cp310-musllinux_1_1_aarch64.whl", hash = "sha256:045d61c734659cc045141be4bae381a41d89b741f795af1dd018bfb532fd0df8"},
    {file = "cffi-1.17.1-cp310-cp310-musllinux_1_1_i686.whl", hash = "sha256:6883e737d7d9e4899a8a695e00ec36bd4e5e4f18fabe0aca0efe0a4b44cdb13e"},
    {file = "cffi-1.17.1-cp310-cp310-musllinux_1_1_x86_64.whl", hash = "sha256:6b8b4a92e1c65048ff98cfe1f735ef8f1ceb72e3d5f0c25fdb12087a23da22be"},
    {file = "cffi-1.17.1-cp310-cp310-win32.whl", hash = "sha256:c9c3d058ebabb74db66e431095118094d06abf53284d9c81f27300d0e0d8bc7c"},
    {file = "cffi-1.17.1-cp310-cp310-win_amd64.whl", hash = "sha256:0f048dcf80db46f0098ccac01132761580d28e28bc0f78ae0d58048063317e15"},
    {file = "cffi-1.17.1-cp311-cp311-macosx_10_9_x86_64.whl", hash = "sha256:a45e3c6913c5b87b3ff120dcdc03f6131fa0065027d0ed7ee6190736a74cd401"},
    {file = "cffi-1.17.1-cp311-cp311-macosx_11_0_arm64.whl", hash = "sha256:30c5e0cb5ae493c04c8b42916e52ca38079f1b235c2f8ae5f4527b963c401caf"},
    {file = "cffi-1.17.1-cp311-cp311-manylinux_2_12_i686.manylinux2010_i686.manylinux_2_17_i686.manylinux2014_i686.whl", hash = "sha256:f75c7ab1f9e4aca5414ed4d8e5c0e303a34f4421f8a0d47a4d019ceff0ab6af4"},
    {file = "cffi-1.17.1-cp311-cp311-manylinux_2_17_aarch64.manylinux2014_aarch64.whl", hash = "sha256:a1ed2dd2972641495a3ec98445e09766f077aee98a1c896dcb4ad0d303628e41"},
    {file = "cffi-1.17.1-cp311-cp311-manylinux_2_17_ppc64le.manylinux2014_ppc64le.whl", hash = "sha256:46bf43160c1a35f7ec506d254e5c890f3c03648a4dbac12d624e4490a7046cd1"},
    {file = "cffi-1.17.1-cp311-cp311-manylinux_2_17_s390x.manylinux2014_s390x.whl", hash = "sha256:a24ed04c8ffd54b0729c07cee15a81d964e6fee0e3d4d342a27b020d22959dc6"},
    {file = "cffi-1.17.1-cp311-cp311-manylinux_2_17_x86_64.manylinux2014_x86_64.whl", hash = "sha256:610faea79c43e44c71e1ec53a554553fa22321b65fae24889706c0a84d4ad86d"},
    {file = "cffi-1.17.1-cp311-cp311-musllinux_1_1_aarch64.whl", hash = "sha256:a9b15d491f3ad5d692e11f6b71f7857e7835eb677955c00cc0aefcd0669adaf6"},
    {file = "cffi-1.17.1-cp311-cp311-musllinux_1_1_i686.whl", hash = "sha256:de2ea4b5833625383e464549fec1bc395c1bdeeb5f25c4a3a82b5a8c756ec22f"},
    {file = "cffi-1.17.1-cp311-cp311-musllinux_1_1_x86_64.whl", hash = "sha256:fc48c783f9c87e60831201f2cce7f3b2e4846bf4d8728eabe54d60700b318a0b"},
    {file = "cffi-1.17.1-cp311-cp311-win32.whl", hash = "sha256:85a950a4ac9c359340d5963966e3e0a94a676bd6245a4b55bc43949eee26a655"},
    {file = "cffi-1.17.1-cp311-cp311-win_amd64.whl", hash = "sha256:caaf0640ef5f5517f49bc275eca1406b0ffa6aa184892812030f04c2abf589a0"},
    {file = "cffi-1.17.1-cp312-cp312-macosx_10_9_x86_64.whl", hash = "sha256:805b4371bf7197c329fcb3ead37e710d1bca9da5d583f5073b799d5c5bd1eee4"},
    {file = "cffi-1.17.1-cp312-cp312-macosx_11_0_arm64.whl", hash = "sha256:733e99bc2df47476e3848417c5a4540522f234dfd4ef3ab7fafdf555b082ec0c"},
    {file = "cffi-1.17.1-cp312-cp312-manylinux_2_12_i686.manylinux2010_i686.manylinux_2_17_i686.manylinux2014_i686.whl", hash = "sha256:1257bdabf294dceb59f5e70c64a3e2f462c30c7ad68092d01bbbfb1c16b1ba36"},
    {file = "cffi-1.17.1-cp312-cp312-manylinux_2_17_aarch64.manylinux2014_aarch64.whl", hash = "sha256:da95af8214998d77a98cc14e3a3bd00aa191526343078b530ceb0bd710fb48a5"},
    {file = "cffi-1.17.1-cp312-cp312-manylinux_2_17_ppc64le.manylinux2014_ppc64le.whl", hash = "sha256:d63afe322132c194cf832bfec0dc69a99fb9bb6bbd550f161a49e9e855cc78ff"},
    {file = "cffi-1.17.1-cp312-cp312-manylinux_2_17_s390x.manylinux2014_s390x.whl", hash = "sha256:f79fc4fc25f1c8698ff97788206bb3c2598949bfe0fef03d299eb1b5356ada99"},
    {file = "cffi-1.17.1-cp312-cp312-manylinux_2_17_x86_64.manylinux2014_x86_64.whl", hash = "sha256:b62ce867176a75d03a665bad002af8e6d54644fad99a3c70905c543130e39d93"},
    {file = "cffi-1.17.1-cp312-cp312-musllinux_1_1_aarch64.whl", hash = "sha256:386c8bf53c502fff58903061338ce4f4950cbdcb23e2902d86c0f722b786bbe3"},
    {file = "cffi-1.17.1-cp312-cp312-musllinux_1_1_x86_64.whl", hash = "sha256:4ceb10419a9adf4460ea14cfd6bc43d08701f0835e979bf821052f1805850fe8"},
    {file = "cffi-1.17.1-cp312-cp312-win32.whl", hash = "sha256:a08d7e755f8ed21095a310a693525137cfe756ce62d066e53f502a83dc550f65"},
    {file = "cffi-1.17.1-cp312-cp312-win_amd64.whl", hash = "sha256:51392eae71afec0d0c8fb1a53b204dbb3bcabcb3c9b807eedf3e1e6ccf2de903"},
    {file = "cffi-1.17.1-cp313-cp313-macosx_10_13_x86_64.whl", hash = "sha256:f3a2b4222ce6b60e2e8b337bb9596923045681d71e5a082783484d845390938e"},
    {file = "cffi-1.17.1-cp313-cp313-macosx_11_0_arm64.whl", hash = "sha256:0984a4925a435b1da406122d4d7968dd861c1385afe3b45ba82b750f229811e2"},
    {file = "cffi-1.17.1-cp313-cp313-manylinux_2_12_i686.manylinux2010_i686.manylinux_2_17_i686.manylinux2014_i686.whl", hash = "sha256:d01b12eeeb4427d3110de311e1774046ad344f5b1a7403101878976ecd7a10f3"},
    {file = "cffi-1.17.1-cp313-cp313-manylinux_2_17_aarch64.manylinux2014_aarch64.whl", hash = "sha256:706510fe141c86a69c8ddc029c7910003a17353970cff3b904ff0686a5927683"},
    {file = "cffi-1.17.1-cp313-cp313-manylinux_2_17_ppc64le.manylinux2014_ppc64le.whl", hash = "sha256:de55b766c7aa2e2a3092c51e0483d700341182f08e67c63630d5b6f200bb28e5"},
    {file = "cffi-1.17.1-cp313-cp313-manylinux_2_17_s390x.manylinux2014_s390x.whl", hash = "sha256:c59d6e989d07460165cc5ad3c61f9fd8f1b4796eacbd81cee78957842b834af4"},
    {file = "cffi-1.17.1-cp313-cp313-manylinux_2_17_x86_64.manylinux2014_x86_64.whl", hash = "sha256:dd398dbc6773384a17fe0d3e7eeb8d1a21c2200473ee6806bb5e6a8e62bb73dd"},
    {file = "cffi-1.17.1-cp313-cp313-musllinux_1_1_aarch64.whl", hash = "sha256:3edc8d958eb099c634dace3c7e16560ae474aa3803a5df240542b305d14e14ed"},
    {file = "cffi-1.17.1-cp313-cp313-musllinux_1_1_x86_64.whl", hash = "sha256:72e72408cad3d5419375fc87d289076ee319835bdfa2caad331e377589aebba9"},
    {file = "cffi-1.17.1-cp313-cp313-win32.whl", hash = "sha256:e03eab0a8677fa80d646b5ddece1cbeaf556c313dcfac435ba11f107ba117b5d"},
    {file = "cffi-1.17.1-cp313-cp313-win_amd64.whl", hash = "sha256:f6a16c31041f09ead72d69f583767292f750d24913dadacf5756b966aacb3f1a"},
    {file = "cffi-1.17.1-cp38-cp38-macosx_10_9_x86_64.whl", hash = "sha256:636062ea65bd0195bc012fea9321aca499c0504409f413dc88af450b57ffd03b"},
    {file = "cffi-1.17.1-cp38-cp38-manylinux_2_12_i686.manylinux2010_i686.manylinux_2_17_i686.manylinux2014_i686.whl", hash = "sha256:c7eac2ef9b63c79431bc4b25f1cd649d7f061a28808cbc6c47b534bd789ef964"},
    {file = "cffi-1.17.1-cp38-cp38-manylinux_2_17_aarch64.manylinux2014_aarch64.whl", hash = "sha256:e221cf152cff04059d011ee126477f0d9588303eb57e88923578ace7baad17f9"},
    {file = "cffi-1.17.1-cp38-cp38-manylinux_2_17_ppc64le.manylinux2014_ppc64le.whl", hash = "sha256:31000ec67d4221a71bd3f67df918b1f88f676f1c3b535a7eb473255fdc0b83fc"},
    {file = "cffi-1.17.1-cp38-cp38-manylinux_2_17_s390x.manylinux2014_s390x.whl", hash = "sha256:6f17be4345073b0a7b8ea599688f692ac3ef23ce28e5df79c04de519dbc4912c"},
    {file = "cffi-1.17.1-cp38-cp38-manylinux_2_17_x86_64.manylinux2014_x86_64.whl", hash = "sha256:0e2b1fac190ae3ebfe37b979cc1ce69c81f4e4fe5746bb401dca63a9062cdaf1"},
    {file = "cffi-1.17.1-cp38-cp38-win32.whl", hash = "sha256:7596d6620d3fa590f677e9ee430df2958d2d6d6de2feeae5b20e82c00b76fbf8"},
    {file = "cffi-1.17.1-cp38-cp38-win_amd64.whl", hash = "sha256:78122be759c3f8a014ce010908ae03364d00a1f81ab5c7f4a7a5120607ea56e1"},
    {file = "cffi-1.17.1-cp39-cp39-macosx_10_9_x86_64.whl", hash = "sha256:b2ab587605f4ba0bf81dc0cb08a41bd1c0a5906bd59243d56bad7668a6fc6c16"},
    {file = "cffi-1.17.1-cp39-cp39-macosx_11_0_arm64.whl", hash = "sha256:28b16024becceed8c6dfbc75629e27788d8a3f9030691a1dbf9821a128b22c36"},
    {file = "cffi-1.17.1-cp39-cp39-manylinux_2_12_i686.manylinux2010_i686.manylinux_2_17_i686.manylinux2014_i686.whl", hash = "sha256:1d599671f396c4723d016dbddb72fe8e0397082b0a77a4fab8028923bec050e8"},
    {file = "cffi-1.17.1-cp39-cp39-manylinux_2_17_aarch64.manylinux2014_aarch64.whl", hash = "sha256:ca74b8dbe6e8e8263c0ffd60277de77dcee6c837a3d0881d8c1ead7268c9e576"},
    {file = "cffi-1.17.1-cp39-cp39-manylinux_2_17_ppc64le.manylinux2014_ppc64le.whl", hash = "sha256:f7f5baafcc48261359e14bcd6d9bff6d4b28d9103847c9e136694cb0501aef87"},
    {file = "cffi-1.17.1-cp39-cp39-manylinux_2_17_s390x.manylinux2014_s390x.whl", hash = "sha256:98e3969bcff97cae1b2def8ba499ea3d6f31ddfdb7635374834cf89a1a08ecf0"},
    {file = "cffi-1.17.1-cp39-cp39-manylinux_2_17_x86_64.manylinux2014_x86_64.whl", hash = "sha256:cdf5ce3acdfd1661132f2a9c19cac174758dc2352bfe37d98aa7512c6b7178b3"},
    {file = "cffi-1.17.1-cp39-cp39-musllinux_1_1_aarch64.whl", hash = "sha256:9755e4345d1ec879e3849e62222a18c7174d65a6a92d5b346b1863912168b595"},
    {file = "cffi-1.17.1-cp39-cp39-musllinux_1_1_i686.whl", hash = "sha256:f1e22e8c4419538cb197e4dd60acc919d7696e5ef98ee4da4e01d3f8cfa4cc5a"},
    {file = "cffi-1.17.1-cp39-cp39-musllinux_1_1_x86_64.whl", hash = "sha256:c03e868a0b3bc35839ba98e74211ed2b05d2119be4e8a0f224fba9384f1fe02e"},
    {file = "cffi-1.17.1-cp39-cp39-win32.whl", hash = "sha256:e31ae45bc2e29f6b2abd0de1cc3b9d5205aa847cafaecb8af1476a609a2f6eb7"},
    {file = "cffi-1.17.1-cp39-cp39-win_amd64.whl", hash = "sha256:d016c76bdd850f3c626af19b0542c9677ba156e4ee4fccfdd7848803533ef662"},
    {file = "cffi-1.17.1.tar.gz", hash = "sha256:1c39c6016c32bc48dd54561950ebd6836e1670f2ae46128f67cf49e789c52824"},
]

[package.dependencies]
pycparser = "*"

[[package]]
name = "cryptography"
version = "44.0.3"
description = "cryptography is a package which provides cryptographic recipes and primitives to Python developers."
optional = false
python-versions = "!=3.9.0,!=3.9.1,>=3.7"
groups = ["main"]
files = [
    {file = "cryptography-44.0.3-cp37-abi3-macosx_10_9_universal2.whl", hash = "sha256:962bc30480a08d133e631e8dfd4783ab71cc9e33d5d7c1e192f0b7c06397bb88"},
    {file = "cryptography-44.0.3-cp37-abi3-manylinux_2_17_aarch64.manylinux2014_aarch64.whl", hash = "sha256:4ffc61e8f3bf5b60346d89cd3d37231019c17a081208dfbbd6e1605ba03fa137"},
    {file = "cryptography-44.0.3-cp37-abi3-manylinux_2_17_x86_64.manylinux2014_x86_64.whl", hash = "sha256:58968d331425a6f9eedcee087f77fd3c927c88f55368f43ff7e0a19891f2642c"},
    {file = "cryptography-44.0.3-cp37-abi3-manylinux_2_28_aarch64.whl", hash = "sha256:e28d62e59a4dbd1d22e747f57d4f00c459af22181f0b2f787ea83f5a876d7c76"},
    {file = "cryptography-44.0.3-cp37-abi3-manylinux_2_28_armv7l.manylinux_2_31_armv7l.whl", hash = "sha256:af653022a0c25ef2e3ffb2c673a50e5a0d02fecc41608f4954176f1933b12359"},
    {file = "cryptography-44.0.3-cp37-abi3-manylinux_2_28_x86_64.whl", hash = "sha256:157f1f3b8d941c2bd8f3ffee0af9b049c9665c39d3da9db2dc338feca5e98a43"},
    {file = "cryptography-44.0.3-cp37-abi3-manylinux_2_34_aarch64.whl", hash = "sha256:c6cd67722619e4d55fdb42ead64ed8843d64638e9c07f4011163e46bc512cf01"},
    {file = "cryptography-44.0.3-cp37-abi3-manylinux_2_34_x86_64.whl", hash = "sha256:b424563394c369a804ecbee9b06dfb34997f19d00b3518e39f83a5642618397d"},
    {file = "cryptography-44.0.3-cp37-abi3-musllinux_1_2_aarch64.whl", hash = "sha256:c91fc8e8fd78af553f98bc7f2a1d8db977334e4eea302a4bfd75b9461c2d8904"},
    {file = "cryptography-44.0.3-cp37-abi3-musllinux_1_2_x86_64.whl", hash = "sha256:25cd194c39fa5a0aa4169125ee27d1172097857b27109a45fadc59653ec06f44"},
    {file = "cryptography-44.0.3-cp37-abi3-win32.whl", hash = "sha256:3be3f649d91cb182c3a6bd336de8b61a0a71965bd13d1a04a0e15b39c3d5809d"},
    {file = "cryptography-44.0.3-cp37-abi3-win_amd64.whl", hash = "sha256:3883076d5c4cc56dbef0b898a74eb6992fdac29a7b9013870b34efe4ddb39a0d"},
    {file = "cryptography-44.0.3-cp39-abi3-macosx_10_9_universal2.whl", hash = "sha256:5639c2b16764c6f76eedf722dbad9a0914960d3489c0cc38694ddf9464f1bb2f"},
    {file = "cryptography-44.0.3-cp39-abi3-manylinux_2_17_aarch64.manylinux2014_aarch64.whl", hash = "sha256:f3ffef566ac88f75967d7abd852ed5f182da252d23fac11b4766da3957766759"},
    {file = "cryptography-44.0.3-cp39-abi3-manylinux_2_17_x86_64.manylinux2014_x86_64.whl", hash = "sha256:192ed30fac1728f7587c6f4613c29c584abdc565d7417c13904708db10206645"},
    {file = "cryptography-44.0.3-cp39-abi3-manylinux_2_28_aarch64.whl", hash = "sha256:7d5fe7195c27c32a64955740b949070f21cba664604291c298518d2e255931d2"},
    {file = "cryptography-44.0.3-cp39-abi3-manylinux_2_28_armv7l.manylinux_2_31_armv7l.whl", hash = "sha256:3f07943aa4d7dad689e3bb1638ddc4944cc5e0921e3c227486daae0e31a05e54"},
    {file = "cryptography-44.0.3-cp39-abi3-manylinux_2_28_x86_64.whl", hash = "sha256:cb90f60e03d563ca2445099edf605c16ed1d5b15182d21831f58460c48bffb93"},
    {file = "cryptography-44.0.3-cp39-abi3-manylinux_2_34_aarch64.whl", hash = "sha256:ab0b005721cc0039e885ac3503825661bd9810b15d4f374e473f8c89b7d5460c"},
    {file = "cryptography-44.0.3-cp39-abi3-manylinux_2_34_x86_64.whl", hash = "sha256:3bb0847e6363c037df8f6ede57d88eaf3410ca2267fb12275370a76f85786a6f"},
    {file = "cryptography-44.0.3-cp39-abi3-musllinux_1_2_aarch64.whl", hash = "sha256:b0cc66c74c797e1db750aaa842ad5b8b78e14805a9b5d1348dc603612d3e3ff5"},
    {file = "cryptography-44.0.3-cp39-abi3-musllinux_1_2_x86_64.whl", hash = "sha256:6866df152b581f9429020320e5eb9794c8780e90f7ccb021940d7f50ee00ae0b"},
    {file = "cryptography-44.0.3-cp39-abi3-win32.whl", hash = "sha256:c138abae3a12a94c75c10499f1cbae81294a6f983b3af066390adee73f433028"},
    {file = "cryptography-44.0.3-cp39-abi3-win_amd64.whl", hash = "sha256:5d186f32e52e66994dce4f766884bcb9c68b8da62d61d9d215bfe5fb56d21334"},
    {file = "cryptography-44.0.3-pp310-pypy310_pp73-macosx_10_9_x86_64.whl", hash = "sha256:cad399780053fb383dc067475135e41c9fe7d901a97dd5d9c5dfb5611afc0d7d"},
    {file = "cryptography-44.0.3-pp310-pypy310_pp73-manylinux_2_28_aarch64.whl", hash = "sha256:21a83f6f35b9cc656d71b5de8d519f566df01e660ac2578805ab245ffd8523f8"},
    {file = "cryptography-44.0.3-pp310-pypy310_pp73-manylinux_2_28_x86_64.whl", hash = "sha256:fc3c9babc1e1faefd62704bb46a69f359a9819eb0292e40df3fb6e3574715cd4"},
    {file = "cryptography-44.0.3-pp310-pypy310_pp73-manylinux_2_34_aarch64.whl", hash = "sha256:e909df4053064a97f1e6565153ff8bb389af12c5c8d29c343308760890560aff"},
    {file = "cryptography-44.0.3-pp310-pypy310_pp73-manylinux_2_34_x86_64.whl", hash = "sha256:dad80b45c22e05b259e33ddd458e9e2ba099c86ccf4e88db7bbab4b747b18d06"},
    {file = "cryptography-44.0.3-pp310-pypy310_pp73-win_amd64.whl", hash = "sha256:479d92908277bed6e1a1c69b277734a7771c2b78633c224445b5c60a9f4bc1d9"},
    {file = "cryptography-44.0.3-pp311-pypy311_pp73-macosx_10_9_x86_64.whl", hash = "sha256:896530bc9107b226f265effa7ef3f21270f18a2026bc09fed1ebd7b66ddf6375"},
    {file = "cryptography-44.0.3-pp311-pypy311_pp73-manylinux_2_28_aarch64.whl", hash = "sha256:9b4d4a5dbee05a2c390bf212e78b99434efec37b17a4bff42f50285c5c8c9647"},
    {file = "cryptography-44.0.3-pp311-pypy311_pp73-manylinux_2_28_x86_64.whl", hash = "sha256:02f55fb4f8b79c1221b0961488eaae21015b69b210e18c386b69de182ebb1259"},
    {file = "cryptography-44.0.3-pp311-pypy311_pp73-manylinux_2_34_aarch64.whl", hash = "sha256:dd3db61b8fe5be220eee484a17233287d0be6932d056cf5738225b9c05ef4fff"},
    {file = "cryptography-44.0.3-pp311-pypy311_pp73-manylinux_2_34_x86_64.whl", hash = "sha256:978631ec51a6bbc0b7e58f23b68a8ce9e5f09721940933e9c217068388789fe5"},
    {file = "cryptography-44.0.3-pp311-pypy311_pp73-win_amd64.whl", hash = "sha256:5d20cc348cca3a8aa7312f42ab953a56e15323800ca3ab0706b8cd452a3a056c"},
    {file = "cryptography-44.0.3.tar.gz", hash = "sha256:fe19d8bc5536a91a24a8133328880a41831b6c5df54599a8417b62fe015d3053"},
]

[package.dependencies]
cffi = {version = ">=1.12", markers = "platform_python_implementation != \"PyPy\""}

[package.extras]
docs = ["sphinx (>=5.3.0)", "sphinx-rtd-theme (>=3.0.0) ; python_version >= \"3.8\""]
docstest = ["pyenchant (>=3)", "readme-renderer (>=30.0)", "sphinxcontrib-spelling (>=7.3.1)"]
nox = ["nox (>=2024.4.15)", "nox[uv] (>=2024.3.2) ; python_version >= \"3.8\""]
pep8test = ["check-sdist ; python_version >= \"3.8\"", "click (>=8.0.1)", "mypy (>=1.4)", "ruff (>=0.3.6)"]
sdist = ["build (>=1.0.0)"]
ssh = ["bcrypt (>=3.1.5)"]
test = ["certifi (>=2024)", "cryptography-vectors (==44.0.3)", "pretend (>=0.7)", "pytest (>=7.4.0)", "pytest-benchmark (>=4.0)", "pytest-cov (>=2.10.1)", "pytest-xdist (>=3.5.0)"]
test-randomorder = ["pytest-randomly"]

[[package]]
name = "enum-compat"
version = "0.0.3"
description = "enum/enum34 compatibility package"
optional = false
python-versions = "*"
groups = ["main"]
files = [
    {file = "enum-compat-0.0.3.tar.gz", hash = "sha256:3677daabed56a6f724451d585662253d8fb4e5569845aafa8bb0da36b1a8751e"},
    {file = "enum_compat-0.0.3-py3-none-any.whl", hash = "sha256:88091b617c7fc3bbbceae50db5958023c48dc40b50520005aa3bf27f8f7ea157"},
]

[[package]]
name = "fido2"
version = "2.0.0"
description = "FIDO2/WebAuthn library for implementing clients and servers."
optional = false
python-versions = "<4,>=3.10"
groups = ["main"]
files = [
    {file = "fido2-2.0.0-py3-none-any.whl", hash = "sha256:685f54a50a57e019c6156e2dd699802a603e3abf70bab334f26affdd4fb8d4f7"},
    {file = "fido2-2.0.0.tar.gz", hash = "sha256:3061cd05e73b3a0ef6afc3b803d57c826aa2d6a9732d16abd7277361f58e7964"},
]

[package.dependencies]
cryptography = ">=2.6,<35 || >35,<48"

[package.extras]
pcsc = ["pyscard (>=1.9,<3)"]

[[package]]
name = "pycparser"
version = "2.22"
description = "C parser in Python"
optional = false
python-versions = ">=3.8"
groups = ["main"]
markers = "platform_python_implementation != \"PyPy\""
files = [
    {file = "pycparser-2.22-py3-none-any.whl", hash = "sha256:c3702b6d3dd8c7abc1afa565d7e63d53a1d0bd86cdc24edd75470f4de499cfcc"},
    {file = "pycparser-2.22.tar.gz", hash = "sha256:491c8be9c040f5390f5bf44a5b07752bd07f56edf992381b05c701439eec10f6"},
]

[metadata]
lock-version = "2.1"
python-versions = ">=3.10, <4"
content-hash = "82c384fbe6fc3e748cd706aece5157bf0b1de9eaae6e29058a874dc18d8c6b0b"
